
Microsoft Visual Studio Solution File, Format Version 12.00
# Visual Studio Version 17
VisualStudioVersion = 17.14.36221.1 d17.14
MinimumVisualStudioVersion = 10.0.40219.1
Project("{FAE04EC0-301F-11D3-BF4B-00C04F79EFBC}") = "MAUI_MobileApp", "MAUI_MobileApp\MAUI_MobileApp.csproj", "{F5A00659-98E4-45F7-B324-3D2AEA98EA81}"
EndProject
Global
	GlobalSection(SolutionConfigurationPlatforms) = preSolution
		Debug|Any CPU = Debug|Any CPU
		Release|Any CPU = Release|Any CPU
	EndGlobalSection
	GlobalSection(ProjectConfigurationPlatforms) = postSolution
		{F5A00659-98E4-45F7-B324-3D2AEA98EA81}.Debug|Any CPU.ActiveCfg = Debug|Any CPU
		{F5A00659-98E4-45F7-B324-3D2AEA98EA81}.Debug|Any CPU.Build.0 = Debug|Any CPU
		{F5A00659-98E4-45F7-B324-3D2AEA98EA81}.Release|Any CPU.ActiveCfg = Release|Any CPU
		{F5A00659-98E4-45F7-B324-3D2AEA98EA81}.Release|Any CPU.Build.0 = Release|Any CPU
	EndGlobalSection
	GlobalSection(SolutionProperties) = preSolution
		HideSolutionNode = FALSE
	EndGlobalSection
	GlobalSection(ExtensibilityGlobals) = postSolution
		SolutionGuid = {81799FB1-95B4-426E-A799-EB911CBD3D07}
	EndGlobalSection
EndGlobal
